
Microsoft Visual Studio Solution File, Format Version 12.00
# Visual Studio Version 16
VisualStudioVersion = 16.0.29709.97
MinimumVisualStudioVersion = 10.0.40219.1
Project("{FAE04EC0-301F-11D3-BF4B-00C04F79EFBC}") = "Lab4-1", "Lab4-1.csproj", "{6ECFAD1F-783F-48C5-8D0C-DEBEA22F20BA}"
EndProject
Global
	GlobalSection(SolutionConfigurationPlatforms) = preSolution
		Debug|Any CPU = Debug|Any CPU
		Release|Any CPU = Release|Any CPU
	EndGlobalSection
	GlobalSection(ProjectConfigurationPlatforms) = postSolution
		{6ECFAD1F-783F-48C5-8D0C-DEBEA22F20BA}.Debug|Any CPU.ActiveCfg = Debug|Any CPU
		{6ECFAD1F-783F-48C5-8D0C-DEBEA22F20BA}.Debug|Any CPU.Build.0 = Debug|Any CPU
		{6ECFAD1F-783F-48C5-8D0C-DEBEA22F20BA}.Release|Any CPU.ActiveCfg = Release|Any CPU
		{6ECFAD1F-783F-48C5-8D0C-DEBEA22F20BA}.Release|Any CPU.Build.0 = Release|Any CPU
	EndGlobalSection
	GlobalSection(SolutionProperties) = preSolution
		HideSolutionNode = FALSE
	EndGlobalSection
	GlobalSection(ExtensibilityGlobals) = postSolution
		SolutionGuid = {940098C5-E4E5-4787-8013-B8C23FFAF3E2}
	EndGlobalSection
EndGlobal
