
Microsoft Visual Studio Solution File, Format Version 12.00
# Visual Studio Version 16
VisualStudioVersion = 16.0.29709.97
MinimumVisualStudioVersion = 10.0.40219.1
Project("{FAE04EC0-301F-11D3-BF4B-00C04F79EFBC}") = "Lab4-2", "Lab4-2.csproj", "{CD1DEA1D-FE01-42C4-87BF-011CC2795AF4}"
EndProject
Global
	GlobalSection(SolutionConfigurationPlatforms) = preSolution
		Debug|Any CPU = Debug|Any CPU
		Release|Any CPU = Release|Any CPU
	EndGlobalSection
	GlobalSection(ProjectConfigurationPlatforms) = postSolution
		{CD1DEA1D-FE01-42C4-87BF-011CC2795AF4}.Debug|Any CPU.ActiveCfg = Debug|Any CPU
		{CD1DEA1D-FE01-42C4-87BF-011CC2795AF4}.Debug|Any CPU.Build.0 = Debug|Any CPU
		{CD1DEA1D-FE01-42C4-87BF-011CC2795AF4}.Release|Any CPU.ActiveCfg = Release|Any CPU
		{CD1DEA1D-FE01-42C4-87BF-011CC2795AF4}.Release|Any CPU.Build.0 = Release|Any CPU
	EndGlobalSection
	GlobalSection(SolutionProperties) = preSolution
		HideSolutionNode = FALSE
	EndGlobalSection
	GlobalSection(ExtensibilityGlobals) = postSolution
		SolutionGuid = {C382D678-50C4-432A-9A10-A68F666F6EC7}
	EndGlobalSection
EndGlobal
